
Microsoft Visual Studio Solution File, Format Version 12.00
# Visual Studio 15
VisualStudioVersion = 15.0.28010.2036
MinimumVisualStudioVersion = 10.0.40219.1
Project("{FAE04EC0-301F-11D3-BF4B-00C04F79EFBC}") = "FamilyInfo", "FamilyInfo\FamilyInfo.csproj", "{3E918E09-19AC-461B-825A-E3EE070394CB}"
EndProject
Global
	GlobalSection(SolutionConfigurationPlatforms) = preSolution
		Debug|Any CPU = Debug|Any CPU
		Release|Any CPU = Release|Any CPU
	EndGlobalSection
	GlobalSection(ProjectConfigurationPlatforms) = postSolution
		{3E918E09-19AC-461B-825A-E3EE070394CB}.Debug|Any CPU.ActiveCfg = Debug|Any CPU
		{3E918E09-19AC-461B-825A-E3EE070394CB}.Debug|Any CPU.Build.0 = Debug|Any CPU
		{3E918E09-19AC-461B-825A-E3EE070394CB}.Release|Any CPU.ActiveCfg = Release|Any CPU
		{3E918E09-19AC-461B-825A-E3EE070394CB}.Release|Any CPU.Build.0 = Release|Any CPU
	EndGlobalSection
	GlobalSection(SolutionProperties) = preSolution
		HideSolutionNode = FALSE
	EndGlobalSection
	GlobalSection(ExtensibilityGlobals) = postSolution
		SolutionGuid = {8799E664-05AD-4C0A-AB51-9A771123B3BB}
	EndGlobalSection
EndGlobal
